
Microsoft Visual Studio Solution File, Format Version 12.00
# Visual Studio Version 17
VisualStudioVersion = 17.5.33627.172
MinimumVisualStudioVersion = 10.0.40219.1
Project("{FAE04EC0-301F-11D3-BF4B-00C04F79EFBC}") = "WORKWITHREPO", "WORKWITHREPO\WORKWITHREPO.csproj", "{0AC6B4F3-5F11-4E01-91D1-E73FB1521583}"
EndProject
Global
	GlobalSection(SolutionConfigurationPlatforms) = preSolution
		Debug|Any CPU = Debug|Any CPU
		Release|Any CPU = Release|Any CPU
	EndGlobalSection
	GlobalSection(ProjectConfigurationPlatforms) = postSolution
		{0AC6B4F3-5F11-4E01-91D1-E73FB1521583}.Debug|Any CPU.ActiveCfg = Debug|Any CPU
		{0AC6B4F3-5F11-4E01-91D1-E73FB1521583}.Debug|Any CPU.Build.0 = Debug|Any CPU
		{0AC6B4F3-5F11-4E01-91D1-E73FB1521583}.Release|Any CPU.ActiveCfg = Release|Any CPU
		{0AC6B4F3-5F11-4E01-91D1-E73FB1521583}.Release|Any CPU.Build.0 = Release|Any CPU
	EndGlobalSection
	GlobalSection(SolutionProperties) = preSolution
		HideSolutionNode = FALSE
	EndGlobalSection
	GlobalSection(ExtensibilityGlobals) = postSolution
		SolutionGuid = {7F661EF1-E998-4266-B861-6DB1753BF4DB}
	EndGlobalSection
EndGlobal
